
Microsoft Visual Studio Solution File, Format Version 12.00
# Visual Studio 15
VisualStudioVersion = 15.0.26730.16
MinimumVisualStudioVersion = 10.0.40219.1
Project("{FAE04EC0-301F-11D3-BF4B-00C04F79EFBC}") = "MVCApp", "MVCApp\MVCApp.csproj", "{8CDAD059-C100-457B-B3C5-DA00F7E2D212}"
EndProject
Global
	GlobalSection(SolutionConfigurationPlatforms) = preSolution
		Debug|Any CPU = Debug|Any CPU
		Release|Any CPU = Release|Any CPU
	EndGlobalSection
	GlobalSection(ProjectConfigurationPlatforms) = postSolution
		{8CDAD059-C100-457B-B3C5-DA00F7E2D212}.Debug|Any CPU.ActiveCfg = Debug|Any CPU
		{8CDAD059-C100-457B-B3C5-DA00F7E2D212}.Debug|Any CPU.Build.0 = Debug|Any CPU
		{8CDAD059-C100-457B-B3C5-DA00F7E2D212}.Release|Any CPU.ActiveCfg = Release|Any CPU
		{8CDAD059-C100-457B-B3C5-DA00F7E2D212}.Release|Any CPU.Build.0 = Release|Any CPU
	EndGlobalSection
	GlobalSection(SolutionProperties) = preSolution
		HideSolutionNode = FALSE
	EndGlobalSection
	GlobalSection(ExtensibilityGlobals) = postSolution
		SolutionGuid = {25E98D99-0DEF-48DE-A850-57538F1C7CB6}
	EndGlobalSection
EndGlobal
